// !$*UTF8*$!
{
	archiveVersion = 1;
	classes = {
	};
	objectVersion = 48;
	objects = {

/* Begin PBXGroup section */
		52AE148F1FA21ABE007D9E40 = {
			isa = PBXGroup;
			children = (
			);
			sourceTree = "<group>";
		};
/* End PBXGroup section */

/* Begin PBXProject section */
		52AE14901FA21ABE007D9E40 /* Project object */ = {
			isa = PBXProject;
			attributes = {
				LastUpgradeCheck = 0900;
			};
			buildConfigurationList = 52AE14931FA21ABE007D9E40 /* Build configuration list for PBXProject "Geodesy" */;
			compatibilityVersion = "Xcode 8.0";
			developmentRegion = en;
			hasScannedForEncodings = 0;
			knownRegions = (
				en,
			);
			mainGroup = 52AE148F1FA21ABE007D9E40;
			projectDirPath = "";
			projectRoot = "";
			targets = (
			);
		};
/* End PBXProject section */

/* Begin XCBuildConfiguration section */
		52AE14941FA21ABE007D9E40 /* Debug */ = {
			isa = XCBuildConfiguration;
			buildSettings = {
			};
			name = Debug;
		};
		52AE14951FA21ABE007D9E40 /* Release */ = {
			isa = XCBuildConfiguration;
			buildSettings = {
			};
			name = Release;
		};
/* End XCBuildConfiguration section */

/* Begin XCConfigurationList section */
		52AE14931FA21ABE007D9E40 /* Build configuration list for PBXProject "Geodesy" */ = {
			isa = XCConfigurationList;
			buildConfigurations = (
				52AE14941FA21ABE007D9E40 /* Debug */,
				52AE14951FA21ABE007D9E40 /* Release */,
			);
			defaultConfigurationIsVisible = 0;
			defaultConfigurationName = Release;
		};
/* End XCConfigurationList section */
	};
	rootObject = 52AE14901FA21ABE007D9E40 /* Project object */;
}
